
Microsoft Visual Studio Solution File, Format Version 12.00
# Visual Studio Version 17
VisualStudioVersion = 17.13.35806.99 d17.13
MinimumVisualStudioVersion = 10.0.40219.1
Project("{FAE04EC0-301F-11D3-BF4B-00C04F79EFBC}") = "ExamScoreApp", "ExamScoreApp\ExamScoreApp.csproj", "{91E68EB8-D42D-4DDE-BFF4-3C350F0EC02B}"
EndProject
Project("{FAE04EC0-301F-11D3-BF4B-00C04F79EFBC}") = "ExamScoreApp.Tests", "ExamScoreApp.Tests\ExamScoreApp.Tests.csproj", "{1DB7A3FA-199F-42EC-955C-C6A8F4FF31A2}"
EndProject
Global
	GlobalSection(SolutionConfigurationPlatforms) = preSolution
		Debug|Any CPU = Debug|Any CPU
		Release|Any CPU = Release|Any CPU
	EndGlobalSection
	GlobalSection(ProjectConfigurationPlatforms) = postSolution
		{91E68EB8-D42D-4DDE-BFF4-3C350F0EC02B}.Debug|Any CPU.ActiveCfg = Debug|Any CPU
		{91E68EB8-D42D-4DDE-BFF4-3C350F0EC02B}.Debug|Any CPU.Build.0 = Debug|Any CPU
		{91E68EB8-D42D-4DDE-BFF4-3C350F0EC02B}.Release|Any CPU.ActiveCfg = Release|Any CPU
		{91E68EB8-D42D-4DDE-BFF4-3C350F0EC02B}.Release|Any CPU.Build.0 = Release|Any CPU
		{1DB7A3FA-199F-42EC-955C-C6A8F4FF31A2}.Debug|Any CPU.ActiveCfg = Debug|Any CPU
		{1DB7A3FA-199F-42EC-955C-C6A8F4FF31A2}.Debug|Any CPU.Build.0 = Debug|Any CPU
		{1DB7A3FA-199F-42EC-955C-C6A8F4FF31A2}.Release|Any CPU.ActiveCfg = Release|Any CPU
		{1DB7A3FA-199F-42EC-955C-C6A8F4FF31A2}.Release|Any CPU.Build.0 = Release|Any CPU
	EndGlobalSection
	GlobalSection(SolutionProperties) = preSolution
		HideSolutionNode = FALSE
	EndGlobalSection
	GlobalSection(ExtensibilityGlobals) = postSolution
		SolutionGuid = {1120757A-E687-4323-A4DE-93AEAA1C571A}
	EndGlobalSection
EndGlobal
